
Microsoft Visual Studio Solution File, Format Version 12.00
Project("{FAE04EC0-301F-11D3-BF4B-00C04F79EFBC}") = "DotsAndBoxes", "DotsAndBoxes\DotsAndBoxes.csproj", "{918DF0AB-C03F-408C-A214-786BEBDAE4A5}"
EndProject
Project("{FAE04EC0-301F-11D3-BF4B-00C04F79EFBC}") = "DotsAndBoxesServer", "DotsAndBoxesServer\DotsAndBoxesServer.csproj", "{CC001FD6-5082-4596-BD93-C6CD1905D4CE}"
EndProject
Project("{FAE04EC0-301F-11D3-BF4B-00C04F79EFBC}") = "DotsAndBoxesServerAPI", "DotsAndBoxesServerAPI\DotsAndBoxesServerAPI.csproj", "{38571390-F515-425D-B5F1-A52071BAB6CE}"
EndProject
Project("{FAE04EC0-301F-11D3-BF4B-00C04F79EFBC}") = "DotsAndBoxesUIComponents", "DotsAndBoxesUIComponents\DotsAndBoxesUIComponents.csproj", "{F3EC70E6-50E8-4231-86B5-B86C9CBB1CAE}"
EndProject
Global
	GlobalSection(SolutionConfigurationPlatforms) = preSolution
		Debug|Any CPU = Debug|Any CPU
		Release|Any CPU = Release|Any CPU
	EndGlobalSection
	GlobalSection(ProjectConfigurationPlatforms) = postSolution
		{918DF0AB-C03F-408C-A214-786BEBDAE4A5}.Debug|Any CPU.ActiveCfg = Debug|Any CPU
		{918DF0AB-C03F-408C-A214-786BEBDAE4A5}.Debug|Any CPU.Build.0 = Debug|Any CPU
		{918DF0AB-C03F-408C-A214-786BEBDAE4A5}.Release|Any CPU.ActiveCfg = Release|Any CPU
		{918DF0AB-C03F-408C-A214-786BEBDAE4A5}.Release|Any CPU.Build.0 = Release|Any CPU
		{CC001FD6-5082-4596-BD93-C6CD1905D4CE}.Debug|Any CPU.ActiveCfg = Debug|Any CPU
		{CC001FD6-5082-4596-BD93-C6CD1905D4CE}.Debug|Any CPU.Build.0 = Debug|Any CPU
		{CC001FD6-5082-4596-BD93-C6CD1905D4CE}.Release|Any CPU.ActiveCfg = Release|Any CPU
		{CC001FD6-5082-4596-BD93-C6CD1905D4CE}.Release|Any CPU.Build.0 = Release|Any CPU
		{38571390-F515-425D-B5F1-A52071BAB6CE}.Debug|Any CPU.ActiveCfg = Debug|Any CPU
		{38571390-F515-425D-B5F1-A52071BAB6CE}.Debug|Any CPU.Build.0 = Debug|Any CPU
		{38571390-F515-425D-B5F1-A52071BAB6CE}.Release|Any CPU.ActiveCfg = Release|Any CPU
		{38571390-F515-425D-B5F1-A52071BAB6CE}.Release|Any CPU.Build.0 = Release|Any CPU
		{F3EC70E6-50E8-4231-86B5-B86C9CBB1CAE}.Debug|Any CPU.ActiveCfg = Debug|Any CPU
		{F3EC70E6-50E8-4231-86B5-B86C9CBB1CAE}.Debug|Any CPU.Build.0 = Debug|Any CPU
		{F3EC70E6-50E8-4231-86B5-B86C9CBB1CAE}.Release|Any CPU.ActiveCfg = Release|Any CPU
		{F3EC70E6-50E8-4231-86B5-B86C9CBB1CAE}.Release|Any CPU.Build.0 = Release|Any CPU
	EndGlobalSection
EndGlobal
